// !$*UTF8*$!
{
	archiveVersion = 1;
	classes = {
	};
	objectVersion = 56;
	objects = {

/* Begin PBXBuildFile section */
		551CE7EB2B68597E009A1532 /* hinnawi_bros_bagelcafeApp.swift in Sources */ = {isa = PBXBuildFile; fileRef = 551CE7EA2B68597E009A1532 /* hinnawi_bros_bagelcafeApp.swift */; };
		551CE7ED2B68597E009A1532 /* ContentView.swift in Sources */ = {isa = PBXBuildFile; fileRef = 551CE7EC2B68597E009A1532 /* ContentView.swift */; };
		551CE7EF2B685981009A1532 /* Assets.xcassets in Resources */ = {isa = PBXBuildFile; fileRef = 551CE7EE2B685981009A1532 /* Assets.xcassets */; };
		551CE7F22B685981009A1532 /* Preview Assets.xcassets in Resources */ = {isa = PBXBuildFile; fileRef = 551CE7F12B685981009A1532 /* Preview Assets.xcassets */; };
		551CE7FC2B685981009A1532 /* hinnawi_bros_bagelcafeTests.swift in Sources */ = {isa = PBXBuildFile; fileRef = 551CE7FB2B685981009A1532 /* hinnawi_bros_bagelcafeTests.swift */; };
		551CE8062B685981009A1532 /* hinnawi_bros_bagelcafeUITests.swift in Sources */ = {isa = PBXBuildFile; fileRef = 551CE8052B685981009A1532 /* hinnawi_bros_bagelcafeUITests.swift */; };
		551CE8082B685981009A1532 /* hinnawi_bros_bagelcafeUITestsLaunchTests.swift in Sources */ = {isa = PBXBuildFile; fileRef = 551CE8072B685981009A1532 /* hinnawi_bros_bagelcafeUITestsLaunchTests.swift */; };
		55BC43512B685B5A00237F4D /* store_inv.swift in Sources */ = {isa = PBXBuildFile; fileRef = 55BC43502B685B5A00237F4D /* store_inv.swift */; };
		55BC43532B685C0500237F4D /* preps_inv.swift in Sources */ = {isa = PBXBuildFile; fileRef = 55BC43522B685C0500237F4D /* preps_inv.swift */; };
/* End PBXBuildFile section */

/* Begin PBXContainerItemProxy section */
		551CE7F82B685981009A1532 /* PBXContainerItemProxy */ = {
			isa = PBXContainerItemProxy;
			containerPortal = 551CE7DF2B68597E009A1532 /* Project object */;
			proxyType = 1;
			remoteGlobalIDString = 551CE7E62B68597E009A1532;
			remoteInfo = hinnawi_bros_bagelcafe;
		};
		551CE8022B685981009A1532 /* PBXContainerItemProxy */ = {
			isa = PBXContainerItemProxy;
			containerPortal = 551CE7DF2B68597E009A1532 /* Project object */;
			proxyType = 1;
			remoteGlobalIDString = 551CE7E62B68597E009A1532;
			remoteInfo = hinnawi_bros_bagelcafe;
		};
/* End PBXContainerItemProxy section */

/* Begin PBXFileReference section */
		551CE7E72B68597E009A1532 /* hinnawi_bros_bagelcafe.app */ = {isa = PBXFileReference; explicitFileType = wrapper.application; includeInIndex = 0; path = hinnawi_bros_bagelcafe.app; sourceTree = BUILT_PRODUCTS_DIR; };
		551CE7EA2B68597E009A1532 /* hinnawi_bros_bagelcafeApp.swift */ = {isa = PBXFileReference; lastKnownFileType = sourcecode.swift; path = hinnawi_bros_bagelcafeApp.swift; sourceTree = "<group>"; };
		551CE7EC2B68597E009A1532 /* ContentView.swift */ = {isa = PBXFileReference; lastKnownFileType = sourcecode.swift; path = ContentView.swift; sourceTree = "<group>"; };
		551CE7EE2B685981009A1532 /* Assets.xcassets */ = {isa = PBXFileReference; lastKnownFileType = folder.assetcatalog; path = Assets.xcassets; sourceTree = "<group>"; };
		551CE7F12B685981009A1532 /* Preview Assets.xcassets */ = {isa = PBXFileReference; lastKnownFileType = folder.assetcatalog; path = "Preview Assets.xcassets"; sourceTree = "<group>"; };
		551CE7F72B685981009A1532 /* hinnawi_bros_bagelcafeTests.xctest */ = {isa = PBXFileReference; explicitFileType = wrapper.cfbundle; includeInIndex = 0; path = hinnawi_bros_bagelcafeTests.xctest; sourceTree = BUILT_PRODUCTS_DIR; };
		551CE7FB2B685981009A1532 /* hinnawi_bros_bagelcafeTests.swift */ = {isa = PBXFileReference; lastKnownFileType = sourcecode.swift; path = hinnawi_bros_bagelcafeTests.swift; sourceTree = "<group>"; };
		551CE8012B685981009A1532 /* hinnawi_bros_bagelcafeUITests.xctest */ = {isa = PBXFileReference; explicitFileType = wrapper.cfbundle; includeInIndex = 0; path = hinnawi_bros_bagelcafeUITests.xctest; sourceTree = BUILT_PRODUCTS_DIR; };
		551CE8052B685981009A1532 /* hinnawi_bros_bagelcafeUITests.swift */ = {isa = PBXFileReference; lastKnownFileType = sourcecode.swift; path = hinnawi_bros_bagelcafeUITests.swift; sourceTree = "<group>"; };
		551CE8072B685981009A1532 /* hinnawi_bros_bagelcafeUITestsLaunchTests.swift */ = {isa = PBXFileReference; lastKnownFileType = sourcecode.swift; path = hinnawi_bros_bagelcafeUITestsLaunchTests.swift; sourceTree = "<group>"; };
		55BC43502B685B5A00237F4D /* store_inv.swift */ = {isa = PBXFileReference; lastKnownFileType = sourcecode.swift; path = store_inv.swift; sourceTree = "<group>"; };
		55BC43522B685C0500237F4D /* preps_inv.swift */ = {isa = PBXFileReference; lastKnownFileType = sourcecode.swift; path = preps_inv.swift; sourceTree = "<group>"; };
/* End PBXFileReference section */

/* Begin PBXFrameworksBuildPhase section */
		551CE7E42B68597E009A1532 /* Frameworks */ = {
			isa = PBXFrameworksBuildPhase;
			buildActionMask = 2147483647;
			files = (
			);
			runOnlyForDeploymentPostprocessing = 0;
		};
		551CE7F42B685981009A1532 /* Frameworks */ = {
			isa = PBXFrameworksBuildPhase;
			buildActionMask = 2147483647;
			files = (
			);
			runOnlyForDeploymentPostprocessing = 0;
		};
		551CE7FE2B685981009A1532 /* Frameworks */ = {
			isa = PBXFrameworksBuildPhase;
			buildActionMask = 2147483647;
			files = (
			);
			runOnlyForDeploymentPostprocessing = 0;
		};
/* End PBXFrameworksBuildPhase section */

/* Begin PBXGroup section */
		551CE7DE2B68597E009A1532 = {
			isa = PBXGroup;
			children = (
				551CE7E92B68597E009A1532 /* hinnawi_bros_bagelcafe */,
				551CE7FA2B685981009A1532 /* hinnawi_bros_bagelcafeTests */,
				551CE8042B685981009A1532 /* hinnawi_bros_bagelcafeUITests */,
				551CE7E82B68597E009A1532 /* Products */,
			);
			sourceTree = "<group>";
		};
		551CE7E82B68597E009A1532 /* Products */ = {
			isa = PBXGroup;
			children = (
				551CE7E72B68597E009A1532 /* hinnawi_bros_bagelcafe.app */,
				551CE7F72B685981009A1532 /* hinnawi_bros_bagelcafeTests.xctest */,
				551CE8012B685981009A1532 /* hinnawi_bros_bagelcafeUITests.xctest */,
			);
			name = Products;
			sourceTree = "<group>";
		};
		551CE7E92B68597E009A1532 /* hinnawi_bros_bagelcafe */ = {
			isa = PBXGroup;
			children = (
				551CE7EA2B68597E009A1532 /* hinnawi_bros_bagelcafeApp.swift */,
				551CE7EC2B68597E009A1532 /* ContentView.swift */,
				551CE7EE2B685981009A1532 /* Assets.xcassets */,
				551CE7F02B685981009A1532 /* Preview Content */,
				55BC43502B685B5A00237F4D /* store_inv.swift */,
				55BC43522B685C0500237F4D /* preps_inv.swift */,
			);
			path = hinnawi_bros_bagelcafe;
			sourceTree = "<group>";
		};
		551CE7F02B685981009A1532 /* Preview Content */ = {
			isa = PBXGroup;
			children = (
				551CE7F12B685981009A1532 /* Preview Assets.xcassets */,
			);
			path = "Preview Content";
			sourceTree = "<group>";
		};
		551CE7FA2B685981009A1532 /* hinnawi_bros_bagelcafeTests */ = {
			isa = PBXGroup;
			children = (
				551CE7FB2B685981009A1532 /* hinnawi_bros_bagelcafeTests.swift */,
			);
			path = hinnawi_bros_bagelcafeTests;
			sourceTree = "<group>";
		};
		551CE8042B685981009A1532 /* hinnawi_bros_bagelcafeUITests */ = {
			isa = PBXGroup;
			children = (
				551CE8052B685981009A1532 /* hinnawi_bros_bagelcafeUITests.swift */,
				551CE8072B685981009A1532 /* hinnawi_bros_bagelcafeUITestsLaunchTests.swift */,
			);
			path = hinnawi_bros_bagelcafeUITests;
			sourceTree = "<group>";
		};
/* End PBXGroup section */

/* Begin PBXNativeTarget section */
		551CE7E62B68597E009A1532 /* hinnawi_bros_bagelcafe */ = {
			isa = PBXNativeTarget;
			buildConfigurationList = 551CE80B2B685981009A1532 /* Build configuration list for PBXNativeTarget "hinnawi_bros_bagelcafe" */;
			buildPhases = (
				551CE7E32B68597E009A1532 /* Sources */,
				551CE7E42B68597E009A1532 /* Frameworks */,
				551CE7E52B68597E009A1532 /* Resources */,
			);
			buildRules = (
			);
			dependencies = (
			);
			name = hinnawi_bros_bagelcafe;
			productName = hinnawi_bros_bagelcafe;
			productReference = 551CE7E72B68597E009A1532 /* hinnawi_bros_bagelcafe.app */;
			productType = "com.apple.product-type.application";
		};
		551CE7F62B685981009A1532 /* hinnawi_bros_bagelcafeTests */ = {
			isa = PBXNativeTarget;
			buildConfigurationList = 551CE80E2B685981009A1532 /* Build configuration list for PBXNativeTarget "hinnawi_bros_bagelcafeTests" */;
			buildPhases = (
				551CE7F32B685981009A1532 /* Sources */,
				551CE7F42B685981009A1532 /* Frameworks */,
				551CE7F52B685981009A1532 /* Resources */,
			);
			buildRules = (
			);
			dependencies = (
				551CE7F92B685981009A1532 /* PBXTargetDependency */,
			);
			name = hinnawi_bros_bagelcafeTests;
			productName = hinnawi_bros_bagelcafeTests;
			productReference = 551CE7F72B685981009A1532 /* hinnawi_bros_bagelcafeTests.xctest */;
			productType = "com.apple.product-type.bundle.unit-test";
		};
		551CE8002B685981009A1532 /* hinnawi_bros_bagelcafeUITests */ = {
			isa = PBXNativeTarget;
			buildConfigurationList = 551CE8112B685981009A1532 /* Build configuration list for PBXNativeTarget "hinnawi_bros_bagelcafeUITests" */;
			buildPhases = (
				551CE7FD2B685981009A1532 /* Sources */,
				551CE7FE2B685981009A1532 /* Frameworks */,
				551CE7FF2B685981009A1532 /* Resources */,
			);
			buildRules = (
			);
			dependencies = (
				551CE8032B685981009A1532 /* PBXTargetDependency */,
			);
			name = hinnawi_bros_bagelcafeUITests;
			productName = hinnawi_bros_bagelcafeUITests;
			productReference = 551CE8012B685981009A1532 /* hinnawi_bros_bagelcafeUITests.xctest */;
			productType = "com.apple.product-type.bundle.ui-testing";
		};
/* End PBXNativeTarget section */

/* Begin PBXProject section */
		551CE7DF2B68597E009A1532 /* Project object */ = {
			isa = PBXProject;
			attributes = {
				BuildIndependentTargetsInParallel = 1;
				LastSwiftUpdateCheck = 1510;
				LastUpgradeCheck = 1510;
				TargetAttributes = {
					551CE7E62B68597E009A1532 = {
						CreatedOnToolsVersion = 15.1;
					};
					551CE7F62B685981009A1532 = {
						CreatedOnToolsVersion = 15.1;
						TestTargetID = 551CE7E62B68597E009A1532;
					};
					551CE8002B685981009A1532 = {
						CreatedOnToolsVersion = 15.1;
						TestTargetID = 551CE7E62B68597E009A1532;
					};
				};
			};
			buildConfigurationList = 551CE7E22B68597E009A1532 /* Build configuration list for PBXProject "hinnawi_bros_bagelcafe" */;
			compatibilityVersion = "Xcode 14.0";
			developmentRegion = en;
			hasScannedForEncodings = 0;
			knownRegions = (
				en,
				Base,
			);
			mainGroup = 551CE7DE2B68597E009A1532;
			productRefGroup = 551CE7E82B68597E009A1532 /* Products */;
			projectDirPath = "";
			projectRoot = "";
			targets = (
				551CE7E62B68597E009A1532 /* hinnawi_bros_bagelcafe */,
				551CE7F62B685981009A1532 /* hinnawi_bros_bagelcafeTests */,
				551CE8002B685981009A1532 /* hinnawi_bros_bagelcafeUITests */,
			);
		};
/* End PBXProject section */

/* Begin PBXResourcesBuildPhase section */
		551CE7E52B68597E009A1532 /* Resources */ = {
			isa = PBXResourcesBuildPhase;
			buildActionMask = 2147483647;
			files = (
				551CE7F22B685981009A1532 /* Preview Assets.xcassets in Resources */,
				551CE7EF2B685981009A1532 /* Assets.xcassets in Resources */,
			);
			runOnlyForDeploymentPostprocessing = 0;
		};
		551CE7F52B685981009A1532 /* Resources */ = {
			isa = PBXResourcesBuildPhase;
			buildActionMask = 2147483647;
			files = (
			);
			runOnlyForDeploymentPostprocessing = 0;
		};
		551CE7FF2B685981009A1532 /* Resources */ = {
			isa = PBXResourcesBuildPhase;
			buildActionMask = 2147483647;
			files = (
			);
			runOnlyForDeploymentPostprocessing = 0;
		};
/* End PBXResourcesBuildPhase section */

/* Begin PBXSourcesBuildPhase section */
		551CE7E32B68597E009A1532 /* Sources */ = {
			isa = PBXSourcesBuildPhase;
			buildActionMask = 2147483647;
			files = (
				55BC43532B685C0500237F4D /* preps_inv.swift in Sources */,
				551CE7ED2B68597E009A1532 /* ContentView.swift in Sources */,
				551CE7EB2B68597E009A1532 /* hinnawi_bros_bagelcafeApp.swift in Sources */,
				55BC43512B685B5A00237F4D /* store_inv.swift in Sources */,
			);
			runOnlyForDeploymentPostprocessing = 0;
		};
		551CE7F32B685981009A1532 /* Sources */ = {
			isa = PBXSourcesBuildPhase;
			buildActionMask = 2147483647;
			files = (
				551CE7FC2B685981009A1532 /* hinnawi_bros_bagelcafeTests.swift in Sources */,
			);
			runOnlyForDeploymentPostprocessing = 0;
		};
		551CE7FD2B685981009A1532 /* Sources */ = {
			isa = PBXSourcesBuildPhase;
			buildActionMask = 2147483647;
			files = (
				551CE8082B685981009A1532 /* hinnawi_bros_bagelcafeUITestsLaunchTests.swift in Sources */,
				551CE8062B685981009A1532 /* hinnawi_bros_bagelcafeUITests.swift in Sources */,
			);
			runOnlyForDeploymentPostprocessing = 0;
		};
/* End PBXSourcesBuildPhase section */

/* Begin PBXTargetDependency section */
		551CE7F92B685981009A1532 /* PBXTargetDependency */ = {
			isa = PBXTargetDependency;
			target = 551CE7E62B68597E009A1532 /* hinnawi_bros_bagelcafe */;
			targetProxy = 551CE7F82B685981009A1532 /* PBXContainerItemProxy */;
		};
		551CE8032B685981009A1532 /* PBXTargetDependency */ = {
			isa = PBXTargetDependency;
			target = 551CE7E62B68597E009A1532 /* hinnawi_bros_bagelcafe */;
			targetProxy = 551CE8022B685981009A1532 /* PBXContainerItemProxy */;
		};
/* End PBXTargetDependency section */

/* Begin XCBuildConfiguration section */
		551CE8092B685981009A1532 /* Debug */ = {
			isa = XCBuildConfiguration;
			buildSettings = {
				ALWAYS_SEARCH_USER_PATHS = NO;
				ASSETCATALOG_COMPILER_GENERATE_SWIFT_ASSET_SYMBOL_EXTENSIONS = YES;
				CLANG_ANALYZER_NONNULL = YES;
				CLANG_ANALYZER_NUMBER_OBJECT_CONVERSION = YES_AGGRESSIVE;
				CLANG_CXX_LANGUAGE_STANDARD = "gnu++20";
				CLANG_ENABLE_MODULES = YES;
				CLANG_ENABLE_OBJC_ARC = YES;
				CLANG_ENABLE_OBJC_WEAK = YES;
				CLANG_WARN_BLOCK_CAPTURE_AUTORELEASING = YES;
				CLANG_WARN_BOOL_CONVERSION = YES;
				CLANG_WARN_COMMA = YES;
				CLANG_WARN_CONSTANT_CONVERSION = YES;
				CLANG_WARN_DEPRECATED_OBJC_IMPLEMENTATIONS = YES;
				CLANG_WARN_DIRECT_OBJC_ISA_USAGE = YES_ERROR;
				CLANG_WARN_DOCUMENTATION_COMMENTS = YES;
				CLANG_WARN_EMPTY_BODY = YES;
				CLANG_WARN_ENUM_CONVERSION = YES;
				CLANG_WARN_INFINITE_RECURSION = YES;
				CLANG_WARN_INT_CONVERSION = YES;
				CLANG_WARN_NON_LITERAL_NULL_CONVERSION = YES;
				CLANG_WARN_OBJC_IMPLICIT_RETAIN_SELF = YES;
				CLANG_WARN_OBJC_LITERAL_CONVERSION = YES;
				CLANG_WARN_OBJC_ROOT_CLASS = YES_ERROR;
				CLANG_WARN_QUOTED_INCLUDE_IN_FRAMEWORK_HEADER = YES;
				CLANG_WARN_RANGE_LOOP_ANALYSIS = YES;
				CLANG_WARN_STRICT_PROTOTYPES = YES;
				CLANG_WARN_SUSPICIOUS_MOVE = YES;
				CLANG_WARN_UNGUARDED_AVAILABILITY = YES_AGGRESSIVE;
				CLANG_WARN_UNREACHABLE_CODE = YES;
				CLANG_WARN__DUPLICATE_METHOD_MATCH = YES;
				COPY_PHASE_STRIP = NO;
				DEBUG_INFORMATION_FORMAT = dwarf;
				ENABLE_STRICT_OBJC_MSGSEND = YES;
				ENABLE_TESTABILITY = YES;
				ENABLE_USER_SCRIPT_SANDBOXING = YES;
				GCC_C_LANGUAGE_STANDARD = gnu17;
				GCC_DYNAMIC_NO_PIC = NO;
				GCC_NO_COMMON_BLOCKS = YES;
				GCC_OPTIMIZATION_LEVEL = 0;
				GCC_PREPROCESSOR_DEFINITIONS = (
					"DEBUG=1",
					"$(inherited)",
				);
				GCC_WARN_64_TO_32_BIT_CONVERSION = YES;
				GCC_WARN_ABOUT_RETURN_TYPE = YES_ERROR;
				GCC_WARN_UNDECLARED_SELECTOR = YES;
				GCC_WARN_UNINITIALIZED_AUTOS = YES_AGGRESSIVE;
				GCC_WARN_UNUSED_FUNCTION = YES;
				GCC_WARN_UNUSED_VARIABLE = YES;
				IPHONEOS_DEPLOYMENT_TARGET = 15.0;
				LOCALIZATION_PREFERS_STRING_CATALOGS = YES;
				MTL_ENABLE_DEBUG_INFO = INCLUDE_SOURCE;
				MTL_FAST_MATH = YES;
				ONLY_ACTIVE_ARCH = YES;
				SDKROOT = iphoneos;
				SWIFT_ACTIVE_COMPILATION_CONDITIONS = "DEBUG $(inherited)";
				SWIFT_OPTIMIZATION_LEVEL = "-Onone";
			};
			name = Debug;
		};
		551CE80A2B685981009A1532 /* Release */ = {
			isa = XCBuildConfiguration;
			buildSettings = {
				ALWAYS_SEARCH_USER_PATHS = NO;
				ASSETCATALOG_COMPILER_GENERATE_SWIFT_ASSET_SYMBOL_EXTENSIONS = YES;
				CLANG_ANALYZER_NONNULL = YES;
				CLANG_ANALYZER_NUMBER_OBJECT_CONVERSION = YES_AGGRESSIVE;
				CLANG_CXX_LANGUAGE_STANDARD = "gnu++20";
				CLANG_ENABLE_MODULES = YES;
				CLANG_ENABLE_OBJC_ARC = YES;
				CLANG_ENABLE_OBJC_WEAK = YES;
				CLANG_WARN_BLOCK_CAPTURE_AUTORELEASING = YES;
				CLANG_WARN_BOOL_CONVERSION = YES;
				CLANG_WARN_COMMA = YES;
				CLANG_WARN_CONSTANT_CONVERSION = YES;
				CLANG_WARN_DEPRECATED_OBJC_IMPLEMENTATIONS = YES;
				CLANG_WARN_DIRECT_OBJC_ISA_USAGE = YES_ERROR;
				CLANG_WARN_DOCUMENTATION_COMMENTS = YES;
				CLANG_WARN_EMPTY_BODY = YES;
				CLANG_WARN_ENUM_CONVERSION = YES;
				CLANG_WARN_INFINITE_RECURSION = YES;
				CLANG_WARN_INT_CONVERSION = YES;
				CLANG_WARN_NON_LITERAL_NULL_CONVERSION = YES;
				CLANG_WARN_OBJC_IMPLICIT_RETAIN_SELF = YES;
				CLANG_WARN_OBJC_LITERAL_CONVERSION = YES;
				CLANG_WARN_OBJC_ROOT_CLASS = YES_ERROR;
				CLANG_WARN_QUOTED_INCLUDE_IN_FRAMEWORK_HEADER = YES;
				CLANG_WARN_RANGE_LOOP_ANALYSIS = YES;
				CLANG_WARN_STRICT_PROTOTYPES = YES;
				CLANG_WARN_SUSPICIOUS_MOVE = YES;
				CLANG_WARN_UNGUARDED_AVAILABILITY = YES_AGGRESSIVE;
				CLANG_WARN_UNREACHABLE_CODE = YES;
				CLANG_WARN__DUPLICATE_METHOD_MATCH = YES;
				COPY_PHASE_STRIP = NO;
				DEBUG_INFORMATION_FORMAT = "dwarf-with-dsym";
				ENABLE_NS_ASSERTIONS = NO;
				ENABLE_STRICT_OBJC_MSGSEND = YES;
				ENABLE_USER_SCRIPT_SANDBOXING = YES;
				GCC_C_LANGUAGE_STANDARD = gnu17;
				GCC_NO_COMMON_BLOCKS = YES;
				GCC_WARN_64_TO_32_BIT_CONVERSION = YES;
				GCC_WARN_ABOUT_RETURN_TYPE = YES_ERROR;
				GCC_WARN_UNDECLARED_SELECTOR = YES;
				GCC_WARN_UNINITIALIZED_AUTOS = YES_AGGRESSIVE;
				GCC_WARN_UNUSED_FUNCTION = YES;
				GCC_WARN_UNUSED_VARIABLE = YES;
				IPHONEOS_DEPLOYMENT_TARGET = 15.0;
				LOCALIZATION_PREFERS_STRING_CATALOGS = YES;
				MTL_ENABLE_DEBUG_INFO = NO;
				MTL_FAST_MATH = YES;
				SDKROOT = iphoneos;
				SWIFT_COMPILATION_MODE = wholemodule;
				VALIDATE_PRODUCT = YES;
			};
			name = Release;
		};
		551CE80C2B685981009A1532 /* Debug */ = {
			isa = XCBuildConfiguration;
			buildSettings = {
				ASSETCATALOG_COMPILER_APPICON_NAME = AppIcon;
				ASSETCATALOG_COMPILER_GLOBAL_ACCENT_COLOR_NAME = AccentColor;
				CODE_SIGN_STYLE = Automatic;
				CURRENT_PROJECT_VERSION = 1;
				DEVELOPMENT_ASSET_PATHS = "\"hinnawi_bros_bagelcafe/Preview Content\"";
				DEVELOPMENT_TEAM = 8J2FVM4HRL;
				ENABLE_PREVIEWS = YES;
				GENERATE_INFOPLIST_FILE = YES;
				INFOPLIST_KEY_CFBundleDisplayName = Baldwin;
				INFOPLIST_KEY_LSApplicationCategoryType = "public.app-category.utilities";
				INFOPLIST_KEY_UIApplicationSceneManifest_Generation = YES;
				INFOPLIST_KEY_UIApplicationSupportsIndirectInputEvents = YES;
				INFOPLIST_KEY_UILaunchScreen_Generation = YES;
				INFOPLIST_KEY_UIStatusBarStyle = UIStatusBarStyleDarkContent;
				INFOPLIST_KEY_UISupportedInterfaceOrientations_iPad = "UIInterfaceOrientationPortrait UIInterfaceOrientationPortraitUpsideDown UIInterfaceOrientationLandscapeLeft UIInterfaceOrientationLandscapeRight";
				INFOPLIST_KEY_UISupportedInterfaceOrientations_iPhone = "UIInterfaceOrientationPortrait UIInterfaceOrientationLandscapeLeft UIInterfaceOrientationLandscapeRight";
				IPHONEOS_DEPLOYMENT_TARGET = 15.0;
				"IPHONEOS_DEPLOYMENT_TARGET[sdk=iphoneos*]" = 15.0;
				LD_RUNPATH_SEARCH_PATHS = (
					"$(inherited)",
					"@executable_path/Frameworks",
				);
				MARKETING_VERSION = 1.0;
				PRODUCT_BUNDLE_IDENTIFIER = "Baldwin.hinnawi-bros-bagelcafe";
				PRODUCT_NAME = "$(TARGET_NAME)";
				SWIFT_EMIT_LOC_STRINGS = YES;
				SWIFT_VERSION = 5.0;
				TARGETED_DEVICE_FAMILY = "1,2";
			};
			name = Debug;
		};
		551CE80D2B685981009A1532 /* Release */ = {
			isa = XCBuildConfiguration;
			buildSettings = {
				ASSETCATALOG_COMPILER_APPICON_NAME = AppIcon;
				ASSETCATALOG_COMPILER_GLOBAL_ACCENT_COLOR_NAME = AccentColor;
				CODE_SIGN_STYLE = Automatic;
				CURRENT_PROJECT_VERSION = 1;
				DEVELOPMENT_ASSET_PATHS = "\"hinnawi_bros_bagelcafe/Preview Content\"";
				DEVELOPMENT_TEAM = 8J2FVM4HRL;
				ENABLE_PREVIEWS = YES;
				GENERATE_INFOPLIST_FILE = YES;
				INFOPLIST_KEY_CFBundleDisplayName = Baldwin;
				INFOPLIST_KEY_LSApplicationCategoryType = "public.app-category.utilities";
				INFOPLIST_KEY_UIApplicationSceneManifest_Generation = YES;
				INFOPLIST_KEY_UIApplicationSupportsIndirectInputEvents = YES;
				INFOPLIST_KEY_UILaunchScreen_Generation = YES;
				INFOPLIST_KEY_UIStatusBarStyle = UIStatusBarStyleDarkContent;
				INFOPLIST_KEY_UISupportedInterfaceOrientations_iPad = "UIInterfaceOrientationPortrait UIInterfaceOrientationPortraitUpsideDown UIInterfaceOrientationLandscapeLeft UIInterfaceOrientationLandscapeRight";
				INFOPLIST_KEY_UISupportedInterfaceOrientations_iPhone = "UIInterfaceOrientationPortrait UIInterfaceOrientationLandscapeLeft UIInterfaceOrientationLandscapeRight";
				IPHONEOS_DEPLOYMENT_TARGET = 15.0;
				LD_RUNPATH_SEARCH_PATHS = (
					"$(inherited)",
					"@executable_path/Frameworks",
				);
				MARKETING_VERSION = 1.0;
				PRODUCT_BUNDLE_IDENTIFIER = "Baldwin.hinnawi-bros-bagelcafe";
				PRODUCT_NAME = "$(TARGET_NAME)";
				SWIFT_EMIT_LOC_STRINGS = YES;
				SWIFT_VERSION = 5.0;
				TARGETED_DEVICE_FAMILY = "1,2";
			};
			name = Release;
		};
		551CE80F2B685981009A1532 /* Debug */ = {
			isa = XCBuildConfiguration;
			buildSettings = {
				ALWAYS_EMBED_SWIFT_STANDARD_LIBRARIES = YES;
				BUNDLE_LOADER = "$(TEST_HOST)";
				CODE_SIGN_STYLE = Automatic;
				CURRENT_PROJECT_VERSION = 1;
				DEVELOPMENT_TEAM = 8J2FVM4HRL;
				GENERATE_INFOPLIST_FILE = YES;
				IPHONEOS_DEPLOYMENT_TARGET = 17.2;
				MARKETING_VERSION = 1.0;
				PRODUCT_BUNDLE_IDENTIFIER = "Baldwin.hinnawi-bros-bagelcafeTests";
				PRODUCT_NAME = "$(TARGET_NAME)";
				SWIFT_EMIT_LOC_STRINGS = NO;
				SWIFT_VERSION = 5.0;
				TARGETED_DEVICE_FAMILY = "1,2";
				TEST_HOST = "$(BUILT_PRODUCTS_DIR)/hinnawi_bros_bagelcafe.app/$(BUNDLE_EXECUTABLE_FOLDER_PATH)/hinnawi_bros_bagelcafe";
			};
			name = Debug;
		};
		551CE8102B685981009A1532 /* Release */ = {
			isa = XCBuildConfiguration;
			buildSettings = {
				ALWAYS_EMBED_SWIFT_STANDARD_LIBRARIES = YES;
				BUNDLE_LOADER = "$(TEST_HOST)";
				CODE_SIGN_STYLE = Automatic;
				CURRENT_PROJECT_VERSION = 1;
				DEVELOPMENT_TEAM = 8J2FVM4HRL;
				GENERATE_INFOPLIST_FILE = YES;
				IPHONEOS_DEPLOYMENT_TARGET = 17.2;
				MARKETING_VERSION = 1.0;
				PRODUCT_BUNDLE_IDENTIFIER = "Baldwin.hinnawi-bros-bagelcafeTests";
				PRODUCT_NAME = "$(TARGET_NAME)";
				SWIFT_EMIT_LOC_STRINGS = NO;
				SWIFT_VERSION = 5.0;
				TARGETED_DEVICE_FAMILY = "1,2";
				TEST_HOST = "$(BUILT_PRODUCTS_DIR)/hinnawi_bros_bagelcafe.app/$(BUNDLE_EXECUTABLE_FOLDER_PATH)/hinnawi_bros_bagelcafe";
			};
			name = Release;
		};
		551CE8122B685981009A1532 /* Debug */ = {
			isa = XCBuildConfiguration;
			buildSettings = {
				ALWAYS_EMBED_SWIFT_STANDARD_LIBRARIES = YES;
				CODE_SIGN_STYLE = Automatic;
				CURRENT_PROJECT_VERSION = 1;
				DEVELOPMENT_TEAM = 8J2FVM4HRL;
				GENERATE_INFOPLIST_FILE = YES;
				MARKETING_VERSION = 1.0;
				PRODUCT_BUNDLE_IDENTIFIER = "Baldwin.hinnawi-bros-bagelcafeUITests";
				PRODUCT_NAME = "$(TARGET_NAME)";
				SWIFT_EMIT_LOC_STRINGS = NO;
				SWIFT_VERSION = 5.0;
				TARGETED_DEVICE_FAMILY = "1,2";
				TEST_TARGET_NAME = hinnawi_bros_bagelcafe;
			};
			name = Debug;
		};
		551CE8132B685981009A1532 /* Release */ = {
			isa = XCBuildConfiguration;
			buildSettings = {
				ALWAYS_EMBED_SWIFT_STANDARD_LIBRARIES = YES;
				CODE_SIGN_STYLE = Automatic;
				CURRENT_PROJECT_VERSION = 1;
				DEVELOPMENT_TEAM = 8J2FVM4HRL;
				GENERATE_INFOPLIST_FILE = YES;
				MARKETING_VERSION = 1.0;
				PRODUCT_BUNDLE_IDENTIFIER = "Baldwin.hinnawi-bros-bagelcafeUITests";
				PRODUCT_NAME = "$(TARGET_NAME)";
				SWIFT_EMIT_LOC_STRINGS = NO;
				SWIFT_VERSION = 5.0;
				TARGETED_DEVICE_FAMILY = "1,2";
				TEST_TARGET_NAME = hinnawi_bros_bagelcafe;
			};
			name = Release;
		};
/* End XCBuildConfiguration section */

/* Begin XCConfigurationList section */
		551CE7E22B68597E009A1532 /* Build configuration list for PBXProject "hinnawi_bros_bagelcafe" */ = {
			isa = XCConfigurationList;
			buildConfigurations = (
				551CE8092B685981009A1532 /* Debug */,
				551CE80A2B685981009A1532 /* Release */,
			);
			defaultConfigurationIsVisible = 0;
			defaultConfigurationName = Release;
		};
		551CE80B2B685981009A1532 /* Build configuration list for PBXNativeTarget "hinnawi_bros_bagelcafe" */ = {
			isa = XCConfigurationList;
			buildConfigurations = (
				551CE80C2B685981009A1532 /* Debug */,
				551CE80D2B685981009A1532 /* Release */,
			);
			defaultConfigurationIsVisible = 0;
			defaultConfigurationName = Release;
		};
		551CE80E2B685981009A1532 /* Build configuration list for PBXNativeTarget "hinnawi_bros_bagelcafeTests" */ = {
			isa = XCConfigurationList;
			buildConfigurations = (
				551CE80F2B685981009A1532 /* Debug */,
				551CE8102B685981009A1532 /* Release */,
			);
			defaultConfigurationIsVisible = 0;
			defaultConfigurationName = Release;
		};
		551CE8112B685981009A1532 /* Build configuration list for PBXNativeTarget "hinnawi_bros_bagelcafeUITests" */ = {
			isa = XCConfigurationList;
			buildConfigurations = (
				551CE8122B685981009A1532 /* Debug */,
				551CE8132B685981009A1532 /* Release */,
			);
			defaultConfigurationIsVisible = 0;
			defaultConfigurationName = Release;
		};
/* End XCConfigurationList section */
	};
	rootObject = 551CE7DF2B68597E009A1532 /* Project object */;
}
